
Microsoft Visual Studio Solution File, Format Version 12.00
# Visual Studio 14
VisualStudioVersion = 14.0.25420.1
MinimumVisualStudioVersion = 10.0.40219.1
Project("{2150E333-8FDC-42A3-9474-1A3956D46DE8}") = "src", "src", "{FCB13C1B-205D-4664-8A76-AC93416E93AB}"
EndProject
Project("{2150E333-8FDC-42A3-9474-1A3956D46DE8}") = "Solution Items", "Solution Items", "{4B1B6E61-455D-4290-9AC3-ADA6714DBA7C}"
	ProjectSection(SolutionItems) = preProject
		global.json = global.json
	EndProjectSection
EndProject
Project("{8BB2217D-0F2D-49D1-97BC-3654ED321F3B}") = "Application.Model", "src\Application.Model\Application.Model.xproj", "{C9D8E426-3164-41E8-98D1-17C6B69970E9}"
EndProject
Project("{8BB2217D-0F2D-49D1-97BC-3654ED321F3B}") = "Application", "src\Application\Application.xproj", "{7CA5518B-A05E-4B0B-9225-20DDE73F2887}"
EndProject
Project("{2150E333-8FDC-42A3-9474-1A3956D46DE8}") = "1. Services", "1. Services", "{FD07EB54-12C4-4725-8201-A566A414E723}"
EndProject
Project("{2150E333-8FDC-42A3-9474-1A3956D46DE8}") = "2. Application", "2. Application", "{00959EE1-C134-4B25-9632-48BAFD372F80}"
EndProject
Project("{2150E333-8FDC-42A3-9474-1A3956D46DE8}") = "3. Domain", "3. Domain", "{F849DE28-1DAC-4D2C-BB54-49CFCF75DB71}"
EndProject
Project("{2150E333-8FDC-42A3-9474-1A3956D46DE8}") = "5. Data", "5. Data", "{F6BEFCAD-4C61-4BCE-8A69-FD41BE5B9863}"
EndProject
Project("{8BB2217D-0F2D-49D1-97BC-3654ED321F3B}") = "Data", "src\Data\Data.xproj", "{7EAFE4A3-D041-4AB6-AFF8-DA8C7942C6F7}"
EndProject
Project("{8BB2217D-0F2D-49D1-97BC-3654ED321F3B}") = "Data.Cache", "src\Data.Cache\Data.Cache.xproj", "{A661D6D8-E552-496A-AAB0-35DDDED4416A}"
EndProject
Project("{8BB2217D-0F2D-49D1-97BC-3654ED321F3B}") = "Data.MongoDb", "src\Data.MongoDb\Data.MongoDb.xproj", "{091EF5DD-058C-4B81-A78C-01DCA3D6B1A4}"
EndProject
Project("{8BB2217D-0F2D-49D1-97BC-3654ED321F3B}") = "Domain", "src\Domain\Domain.xproj", "{C6B8C620-948F-4A8D-B8E3-59643DBD9167}"
EndProject
Project("{2150E333-8FDC-42A3-9474-1A3956D46DE8}") = "4. Infra", "4. Infra", "{11B8F8DD-8D74-406D-A099-5862A50FA4DC}"
EndProject
Project("{2150E333-8FDC-42A3-9474-1A3956D46DE8}") = "6. CrossCutting", "6. CrossCutting", "{E426A517-7938-4271-A00A-C585ECF1AD84}"
EndProject
Project("{2150E333-8FDC-42A3-9474-1A3956D46DE8}") = "test", "test", "{3C961716-D3B4-47B3-98C9-2DA048C50351}"
EndProject
Project("{2150E333-8FDC-42A3-9474-1A3956D46DE8}") = "1. Services", "1. Services", "{00CEA808-B72B-40BB-A128-BE1AB86D5628}"
EndProject
Project("{2150E333-8FDC-42A3-9474-1A3956D46DE8}") = "2. Application", "2. Application", "{45B55BE2-8CC3-42DE-80A8-718084E1087A}"
EndProject
Project("{2150E333-8FDC-42A3-9474-1A3956D46DE8}") = "3. Domain", "3. Domain", "{2E8A0BA9-45F6-4D38-947B-6281DE39CAD0}"
EndProject
Project("{2150E333-8FDC-42A3-9474-1A3956D46DE8}") = "4. Infra", "4. Infra", "{C82912C5-75FB-4824-AC5F-631FEE5F15CA}"
EndProject
Project("{2150E333-8FDC-42A3-9474-1A3956D46DE8}") = "5. Data", "5. Data", "{81C70091-261C-41CE-AB7F-73A3D3E287EF}"
EndProject
Project("{2150E333-8FDC-42A3-9474-1A3956D46DE8}") = "6. CrossCutting", "6. CrossCutting", "{13549201-91B4-4988-AB11-F0CE1C192DCE}"
EndProject
Project("{8BB2217D-0F2D-49D1-97BC-3654ED321F3B}") = "CrossCutting", "src\CrossCutting\CrossCutting.xproj", "{20B5182D-7A4C-4886-BBB0-7DF284372C71}"
EndProject
Project("{8BB2217D-0F2D-49D1-97BC-3654ED321F3B}") = "Data.SqlServer", "src\Data.SqlServer\Data.SqlServer.xproj", "{131D815C-0A11-4861-B1B8-D311157C89AD}"
EndProject
Project("{2150E333-8FDC-42A3-9474-1A3956D46DE8}") = ".nuget", ".nuget", "{9F995FAF-B207-49B6-8527-2F7620F1D093}"
	ProjectSection(SolutionItems) = preProject
		items\.nuget\NuGet.config = items\.nuget\NuGet.config
	EndProjectSection
EndProject
Project("{2150E333-8FDC-42A3-9474-1A3956D46DE8}") = ".stylecop", ".stylecop", "{1F3A3CD2-AD13-4692-907B-A0E838E8A066}"
	ProjectSection(SolutionItems) = preProject
		items\.stylecop\CustomDictionary.xml = items\.stylecop\CustomDictionary.xml
		items\.stylecop\stylecop.json = items\.stylecop\stylecop.json
		items\.stylecop\StyleCopeRules.ruleset = items\.stylecop\StyleCopeRules.ruleset
	EndProjectSection
EndProject
Project("{2150E333-8FDC-42A3-9474-1A3956D46DE8}") = ".codecoverage", ".codecoverage", "{428BD12C-C456-4DEE-A1B2-909151AEBCE4}"
	ProjectSection(SolutionItems) = preProject
		items\.codecoverage\CodeCoverage.bat = items\.codecoverage\CodeCoverage.bat
		items\.codecoverage\CodeCoverage.runsettings = items\.codecoverage\CodeCoverage.runsettings
	EndProjectSection
EndProject
Project("{8BB2217D-0F2D-49D1-97BC-3654ED321F3B}") = "Services.Web.Api", "src\Services.Web.Api\Services.Web.Api.xproj", "{10034E22-883A-4BB0-B728-7449C2508184}"
EndProject
Project("{8BB2217D-0F2D-49D1-97BC-3654ED321F3B}") = "Services.Web.Api.Tests", "test\Services.Web.Api.Tests\Services.Web.Api.Tests.xproj", "{7C216377-5726-4B1B-B6E0-C974B7770025}"
EndProject
Global
	GlobalSection(SolutionConfigurationPlatforms) = preSolution
		Debug|Any CPU = Debug|Any CPU
		Release|Any CPU = Release|Any CPU
	EndGlobalSection
	GlobalSection(ProjectConfigurationPlatforms) = postSolution
		{C9D8E426-3164-41E8-98D1-17C6B69970E9}.Debug|Any CPU.ActiveCfg = Debug|Any CPU
		{C9D8E426-3164-41E8-98D1-17C6B69970E9}.Debug|Any CPU.Build.0 = Debug|Any CPU
		{C9D8E426-3164-41E8-98D1-17C6B69970E9}.Release|Any CPU.ActiveCfg = Release|Any CPU
		{C9D8E426-3164-41E8-98D1-17C6B69970E9}.Release|Any CPU.Build.0 = Release|Any CPU
		{7CA5518B-A05E-4B0B-9225-20DDE73F2887}.Debug|Any CPU.ActiveCfg = Debug|Any CPU
		{7CA5518B-A05E-4B0B-9225-20DDE73F2887}.Debug|Any CPU.Build.0 = Debug|Any CPU
		{7CA5518B-A05E-4B0B-9225-20DDE73F2887}.Release|Any CPU.ActiveCfg = Release|Any CPU
		{7CA5518B-A05E-4B0B-9225-20DDE73F2887}.Release|Any CPU.Build.0 = Release|Any CPU
		{7EAFE4A3-D041-4AB6-AFF8-DA8C7942C6F7}.Debug|Any CPU.ActiveCfg = Debug|Any CPU
		{7EAFE4A3-D041-4AB6-AFF8-DA8C7942C6F7}.Debug|Any CPU.Build.0 = Debug|Any CPU
		{7EAFE4A3-D041-4AB6-AFF8-DA8C7942C6F7}.Release|Any CPU.ActiveCfg = Release|Any CPU
		{7EAFE4A3-D041-4AB6-AFF8-DA8C7942C6F7}.Release|Any CPU.Build.0 = Release|Any CPU
		{A661D6D8-E552-496A-AAB0-35DDDED4416A}.Debug|Any CPU.ActiveCfg = Debug|Any CPU
		{A661D6D8-E552-496A-AAB0-35DDDED4416A}.Debug|Any CPU.Build.0 = Debug|Any CPU
		{A661D6D8-E552-496A-AAB0-35DDDED4416A}.Release|Any CPU.ActiveCfg = Release|Any CPU
		{A661D6D8-E552-496A-AAB0-35DDDED4416A}.Release|Any CPU.Build.0 = Release|Any CPU
		{091EF5DD-058C-4B81-A78C-01DCA3D6B1A4}.Debug|Any CPU.ActiveCfg = Debug|Any CPU
		{091EF5DD-058C-4B81-A78C-01DCA3D6B1A4}.Debug|Any CPU.Build.0 = Debug|Any CPU
		{091EF5DD-058C-4B81-A78C-01DCA3D6B1A4}.Release|Any CPU.ActiveCfg = Release|Any CPU
		{091EF5DD-058C-4B81-A78C-01DCA3D6B1A4}.Release|Any CPU.Build.0 = Release|Any CPU
		{C6B8C620-948F-4A8D-B8E3-59643DBD9167}.Debug|Any CPU.ActiveCfg = Debug|Any CPU
		{C6B8C620-948F-4A8D-B8E3-59643DBD9167}.Debug|Any CPU.Build.0 = Debug|Any CPU
		{C6B8C620-948F-4A8D-B8E3-59643DBD9167}.Release|Any CPU.ActiveCfg = Release|Any CPU
		{C6B8C620-948F-4A8D-B8E3-59643DBD9167}.Release|Any CPU.Build.0 = Release|Any CPU
		{20B5182D-7A4C-4886-BBB0-7DF284372C71}.Debug|Any CPU.ActiveCfg = Debug|Any CPU
		{20B5182D-7A4C-4886-BBB0-7DF284372C71}.Debug|Any CPU.Build.0 = Debug|Any CPU
		{20B5182D-7A4C-4886-BBB0-7DF284372C71}.Release|Any CPU.ActiveCfg = Release|Any CPU
		{20B5182D-7A4C-4886-BBB0-7DF284372C71}.Release|Any CPU.Build.0 = Release|Any CPU
		{131D815C-0A11-4861-B1B8-D311157C89AD}.Debug|Any CPU.ActiveCfg = Debug|Any CPU
		{131D815C-0A11-4861-B1B8-D311157C89AD}.Debug|Any CPU.Build.0 = Debug|Any CPU
		{131D815C-0A11-4861-B1B8-D311157C89AD}.Release|Any CPU.ActiveCfg = Release|Any CPU
		{131D815C-0A11-4861-B1B8-D311157C89AD}.Release|Any CPU.Build.0 = Release|Any CPU
		{10034E22-883A-4BB0-B728-7449C2508184}.Debug|Any CPU.ActiveCfg = Debug|Any CPU
		{10034E22-883A-4BB0-B728-7449C2508184}.Debug|Any CPU.Build.0 = Debug|Any CPU
		{10034E22-883A-4BB0-B728-7449C2508184}.Release|Any CPU.ActiveCfg = Release|Any CPU
		{10034E22-883A-4BB0-B728-7449C2508184}.Release|Any CPU.Build.0 = Release|Any CPU
		{7C216377-5726-4B1B-B6E0-C974B7770025}.Debug|Any CPU.ActiveCfg = Debug|Any CPU
		{7C216377-5726-4B1B-B6E0-C974B7770025}.Debug|Any CPU.Build.0 = Debug|Any CPU
		{7C216377-5726-4B1B-B6E0-C974B7770025}.Release|Any CPU.ActiveCfg = Release|Any CPU
		{7C216377-5726-4B1B-B6E0-C974B7770025}.Release|Any CPU.Build.0 = Release|Any CPU
	EndGlobalSection
	GlobalSection(SolutionProperties) = preSolution
		HideSolutionNode = FALSE
	EndGlobalSection
	GlobalSection(NestedProjects) = preSolution
		{C9D8E426-3164-41E8-98D1-17C6B69970E9} = {00959EE1-C134-4B25-9632-48BAFD372F80}
		{7CA5518B-A05E-4B0B-9225-20DDE73F2887} = {00959EE1-C134-4B25-9632-48BAFD372F80}
		{FD07EB54-12C4-4725-8201-A566A414E723} = {FCB13C1B-205D-4664-8A76-AC93416E93AB}
		{00959EE1-C134-4B25-9632-48BAFD372F80} = {FCB13C1B-205D-4664-8A76-AC93416E93AB}
		{F849DE28-1DAC-4D2C-BB54-49CFCF75DB71} = {FCB13C1B-205D-4664-8A76-AC93416E93AB}
		{F6BEFCAD-4C61-4BCE-8A69-FD41BE5B9863} = {FCB13C1B-205D-4664-8A76-AC93416E93AB}
		{7EAFE4A3-D041-4AB6-AFF8-DA8C7942C6F7} = {F6BEFCAD-4C61-4BCE-8A69-FD41BE5B9863}
		{A661D6D8-E552-496A-AAB0-35DDDED4416A} = {F6BEFCAD-4C61-4BCE-8A69-FD41BE5B9863}
		{091EF5DD-058C-4B81-A78C-01DCA3D6B1A4} = {F6BEFCAD-4C61-4BCE-8A69-FD41BE5B9863}
		{C6B8C620-948F-4A8D-B8E3-59643DBD9167} = {F849DE28-1DAC-4D2C-BB54-49CFCF75DB71}
		{11B8F8DD-8D74-406D-A099-5862A50FA4DC} = {FCB13C1B-205D-4664-8A76-AC93416E93AB}
		{E426A517-7938-4271-A00A-C585ECF1AD84} = {FCB13C1B-205D-4664-8A76-AC93416E93AB}
		{00CEA808-B72B-40BB-A128-BE1AB86D5628} = {3C961716-D3B4-47B3-98C9-2DA048C50351}
		{45B55BE2-8CC3-42DE-80A8-718084E1087A} = {3C961716-D3B4-47B3-98C9-2DA048C50351}
		{2E8A0BA9-45F6-4D38-947B-6281DE39CAD0} = {3C961716-D3B4-47B3-98C9-2DA048C50351}
		{C82912C5-75FB-4824-AC5F-631FEE5F15CA} = {3C961716-D3B4-47B3-98C9-2DA048C50351}
		{81C70091-261C-41CE-AB7F-73A3D3E287EF} = {3C961716-D3B4-47B3-98C9-2DA048C50351}
		{13549201-91B4-4988-AB11-F0CE1C192DCE} = {3C961716-D3B4-47B3-98C9-2DA048C50351}
		{20B5182D-7A4C-4886-BBB0-7DF284372C71} = {E426A517-7938-4271-A00A-C585ECF1AD84}
		{131D815C-0A11-4861-B1B8-D311157C89AD} = {F6BEFCAD-4C61-4BCE-8A69-FD41BE5B9863}
		{9F995FAF-B207-49B6-8527-2F7620F1D093} = {4B1B6E61-455D-4290-9AC3-ADA6714DBA7C}
		{1F3A3CD2-AD13-4692-907B-A0E838E8A066} = {4B1B6E61-455D-4290-9AC3-ADA6714DBA7C}
		{428BD12C-C456-4DEE-A1B2-909151AEBCE4} = {4B1B6E61-455D-4290-9AC3-ADA6714DBA7C}
		{10034E22-883A-4BB0-B728-7449C2508184} = {FD07EB54-12C4-4725-8201-A566A414E723}
		{7C216377-5726-4B1B-B6E0-C974B7770025} = {00CEA808-B72B-40BB-A128-BE1AB86D5628}
	EndGlobalSection
EndGlobal
